Microsoft Visual Studio Solution File, Format Version 11.00
# Visual Studio 2008

Project("{51BF63D6-22EA-3189-DADD-B50B5C4DE5D2}") = "CSE440 - World Of Reath", "Assembly-CSharp-vs.csproj", "{19996C20-F84E-EFDE-9A50-7E719F9FEF9D}"
EndProject
Global
	GlobalSection(SolutionConfigurationPlatforms) = preSolution
		Debug|Any CPU = Debug|Any CPU
		Release|Any CPU = Release|Any CPU
	EndGlobalSection
	GlobalSection(ProjectConfigurationPlatforms) = postSolution
		{19996C20-F84E-EFDE-9A50-7E719F9FEF9D}.Debug|Any CPU.ActiveCfg = Debug|Any CPU
		{19996C20-F84E-EFDE-9A50-7E719F9FEF9D}.Debug|Any CPU.Build.0 = Debug|Any CPU
		{19996C20-F84E-EFDE-9A50-7E719F9FEF9D}.Release|Any CPU.ActiveCfg = Release|Any CPU
		{19996C20-F84E-EFDE-9A50-7E719F9FEF9D}.Release|Any CPU.Build.0 = Release|Any CPU
	EndGlobalSection
	GlobalSection(SolutionProperties) = preSolution
		HideSolutionNode = FALSE
	EndGlobalSection
																																																GlobalSection(MonoDevelopProperties) = preSolution
		StartupItem = Assembly-CSharp.csproj
		Policies = $0
		$0.TextStylePolicy = $1
		$1.inheritsSet = null
		$1.scope = text/x-csharp
		$0.CSharpFormattingPolicy = $2
		$2.inheritsSet = Mono
		$2.inheritsScope = text/x-csharp
		$2.scope = text/x-csharp
		$0.TextStylePolicy = $3
		$3.FileWidth = 120
		$3.TabWidth = 4
		$3.EolMarker = Unix
		$3.inheritsSet = Mono
		$3.inheritsScope = text/plain
		$3.scope = text/plain
	EndGlobalSection

EndGlobal
